{
  "name": "@3aik/cli",
  "version": "3.0.0",
  "lockfileVersion": 3,
  "requires": true,
  "packages": {
    "": {
      "name": "@3aik/cli",
      "version": "3.0.0",
      "bundleDependencies": [
        "@3aik/agent-core"
      ],
      "license": "MIT",
      "dependencies": {
        "@3aik/agent-core": "file:../agent-core"
      },
      "bin": {
        "3aik": "bin/3aik.js"
      },
      "engines": {
        "node": ">=24"
      }
    },
    "../agent-core": {
      "name": "@3aik/agent-core",
      "version": "3.0.0",
      "license": "MIT",
      "engines": {
        "node": ">=24"
      }
    },
    "node_modules/@3aik/agent-core": {
      "resolved": "../agent-core",
      "link": true
    }
  }
}
